
Microsoft Visual Studio Solution File, Format Version 12.00
# Visual Studio 14
VisualStudioVersion = 14.0.25420.1
MinimumVisualStudioVersion = 10.0.40219.1
Project("{FAE04EC0-301F-11D3-BF4B-00C04F79EFBC}") = "FormsBasicMVVM", "FormsBasicMVVM\FormsBasicMVVM\FormsBasicMVVM.csproj", "{64776782-D1C9-4168-AB79-C3C9AFF3A429}"
EndProject
Project("{FAE04EC0-301F-11D3-BF4B-00C04F79EFBC}") = "FormsBasicMVVM.Droid", "FormsBasicMVVM\FormsBasicMVVM.Droid\FormsBasicMVVM.Droid.csproj", "{F96E88CB-3073-4483-9633-35A8D5AF0B04}"
EndProject
Project("{FAE04EC0-301F-11D3-BF4B-00C04F79EFBC}") = "FormsBasicMVVM.iOS", "FormsBasicMVVM\FormsBasicMVVM.iOS\FormsBasicMVVM.iOS.csproj", "{C77780F2-9C1D-4467-AA23-E9AE1BBFA2C5}"
EndProject
Project("{FAE04EC0-301F-11D3-BF4B-00C04F79EFBC}") = "FormsBasicMVVM.WinPhone", "FormsBasicMVVM\FormsBasicMVVM.WinPhone\FormsBasicMVVM.WinPhone.csproj", "{3A147E49-C9D9-4A6E-8B8A-B20C492DAE57}"
EndProject
Project("{FAE04EC0-301F-11D3-BF4B-00C04F79EFBC}") = "FormsBasicMVVM.UWP", "FormsBasicMVVM\FormsBasicMVVM.UWP\FormsBasicMVVM.UWP.csproj", "{5CB6A9EF-EC62-449E-9AEE-719843237633}"
EndProject
Project("{FAE04EC0-301F-11D3-BF4B-00C04F79EFBC}") = "FormsBasicMVVM.Windows", "FormsBasicMVVM\FormsBasicMVVM.Windows\FormsBasicMVVM.Windows.csproj", "{FBA27A88-FAEE-4A95-9E01-0003E3664AD2}"
EndProject
Global
	GlobalSection(SolutionConfigurationPlatforms) = preSolution
		Ad-Hoc|Any CPU = Ad-Hoc|Any CPU
		Ad-Hoc|ARM = Ad-Hoc|ARM
		Ad-Hoc|iPhone = Ad-Hoc|iPhone
		Ad-Hoc|iPhoneSimulator = Ad-Hoc|iPhoneSimulator
		Ad-Hoc|x64 = Ad-Hoc|x64
		Ad-Hoc|x86 = Ad-Hoc|x86
		AppStore|Any CPU = AppStore|Any CPU
		AppStore|ARM = AppStore|ARM
		AppStore|iPhone = AppStore|iPhone
		AppStore|iPhoneSimulator = AppStore|iPhoneSimulator
		AppStore|x64 = AppStore|x64
		AppStore|x86 = AppStore|x86
		Debug|Any CPU = Debug|Any CPU
		Debug|ARM = Debug|ARM
		Debug|iPhone = Debug|iPhone
		Debug|iPhoneSimulator = Debug|iPhoneSimulator
		Debug|x64 = Debug|x64
		Debug|x86 = Debug|x86
		Release|Any CPU = Release|Any CPU
		Release|ARM = Release|ARM
		Release|iPhone = Release|iPhone
		Release|iPhoneSimulator = Release|iPhoneSimulator
		Release|x64 = Release|x64
		Release|x86 = Release|x86
	EndGlobalSection
	GlobalSection(ProjectConfigurationPlatforms) = postSolution
		{64776782-D1C9-4168-AB79-C3C9AFF3A429}.Ad-Hoc|Any CPU.ActiveCfg = Release|Any CPU
		{64776782-D1C9-4168-AB79-C3C9AFF3A429}.Ad-Hoc|Any CPU.Build.0 = Release|Any CPU
		{64776782-D1C9-4168-AB79-C3C9AFF3A429}.Ad-Hoc|ARM.ActiveCfg = Release|Any CPU
		{64776782-D1C9-4168-AB79-C3C9AFF3A429}.Ad-Hoc|ARM.Build.0 = Release|Any CPU
		{64776782-D1C9-4168-AB79-C3C9AFF3A429}.Ad-Hoc|iPhone.ActiveCfg = Release|Any CPU
		{64776782-D1C9-4168-AB79-C3C9AFF3A429}.Ad-Hoc|iPhone.Build.0 = Release|Any CPU
		{64776782-D1C9-4168-AB79-C3C9AFF3A429}.Ad-Hoc|iPhoneSimulator.ActiveCfg = Release|Any CPU
		{64776782-D1C9-4168-AB79-C3C9AFF3A429}.Ad-Hoc|iPhoneSimulator.Build.0 = Release|Any CPU
		{64776782-D1C9-4168-AB79-C3C9AFF3A429}.Ad-Hoc|x64.ActiveCfg = Release|Any CPU
		{64776782-D1C9-4168-AB79-C3C9AFF3A429}.Ad-Hoc|x64.Build.0 = Release|Any CPU
		{64776782-D1C9-4168-AB79-C3C9AFF3A429}.Ad-Hoc|x86.ActiveCfg = Release|Any CPU
		{64776782-D1C9-4168-AB79-C3C9AFF3A429}.Ad-Hoc|x86.Build.0 = Release|Any CPU
		{64776782-D1C9-4168-AB79-C3C9AFF3A429}.AppStore|Any CPU.ActiveCfg = Release|Any CPU
		{64776782-D1C9-4168-AB79-C3C9AFF3A429}.AppStore|Any CPU.Build.0 = Release|Any CPU
		{64776782-D1C9-4168-AB79-C3C9AFF3A429}.AppStore|ARM.ActiveCfg = Release|Any CPU
		{64776782-D1C9-4168-AB79-C3C9AFF3A429}.AppStore|ARM.Build.0 = Release|Any CPU
		{64776782-D1C9-4168-AB79-C3C9AFF3A429}.AppStore|iPhone.ActiveCfg = Release|Any CPU
		{64776782-D1C9-4168-AB79-C3C9AFF3A429}.AppStore|iPhone.Build.0 = Release|Any CPU
		{64776782-D1C9-4168-AB79-C3C9AFF3A429}.AppStore|iPhoneSimulator.ActiveCfg = Release|Any CPU
		{64776782-D1C9-4168-AB79-C3C9AFF3A429}.AppStore|iPhoneSimulator.Build.0 = Release|Any CPU
		{64776782-D1C9-4168-AB79-C3C9AFF3A429}.AppStore|x64.ActiveCfg = Release|Any CPU
		{64776782-D1C9-4168-AB79-C3C9AFF3A429}.AppStore|x64.Build.0 = Release|Any CPU
		{64776782-D1C9-4168-AB79-C3C9AFF3A429}.AppStore|x86.ActiveCfg = Release|Any CPU
		{64776782-D1C9-4168-AB79-C3C9AFF3A429}.AppStore|x86.Build.0 = Release|Any CPU
		{64776782-D1C9-4168-AB79-C3C9AFF3A429}.Debug|Any CPU.ActiveCfg = Debug|Any CPU
		{64776782-D1C9-4168-AB79-C3C9AFF3A429}.Debug|Any CPU.Build.0 = Debug|Any CPU
		{64776782-D1C9-4168-AB79-C3C9AFF3A429}.Debug|ARM.ActiveCfg = Debug|Any CPU
		{64776782-D1C9-4168-AB79-C3C9AFF3A429}.Debug|ARM.Build.0 = Debug|Any CPU
		{64776782-D1C9-4168-AB79-C3C9AFF3A429}.Debug|iPhone.ActiveCfg = Debug|Any CPU
		{64776782-D1C9-4168-AB79-C3C9AFF3A429}.Debug|iPhone.Build.0 = Debug|Any CPU
		{64776782-D1C9-4168-AB79-C3C9AFF3A429}.Debug|iPhoneSimulator.ActiveCfg = Debug|Any CPU
		{64776782-D1C9-4168-AB79-C3C9AFF3A429}.Debug|iPhoneSimulator.Build.0 = Debug|Any CPU
		{64776782-D1C9-4168-AB79-C3C9AFF3A429}.Debug|x64.ActiveCfg = Debug|Any CPU
		{64776782-D1C9-4168-AB79-C3C9AFF3A429}.Debug|x64.Build.0 = Debug|Any CPU
		{64776782-D1C9-4168-AB79-C3C9AFF3A429}.Debug|x86.ActiveCfg = Debug|Any CPU
		{64776782-D1C9-4168-AB79-C3C9AFF3A429}.Debug|x86.Build.0 = Debug|Any CPU
		{64776782-D1C9-4168-AB79-C3C9AFF3A429}.Release|Any CPU.ActiveCfg = Release|Any CPU
		{64776782-D1C9-4168-AB79-C3C9AFF3A429}.Release|Any CPU.Build.0 = Release|Any CPU
		{64776782-D1C9-4168-AB79-C3C9AFF3A429}.Release|ARM.ActiveCfg = Release|Any CPU
		{64776782-D1C9-4168-AB79-C3C9AFF3A429}.Release|ARM.Build.0 = Release|Any CPU
		{64776782-D1C9-4168-AB79-C3C9AFF3A429}.Release|iPhone.ActiveCfg = Release|Any CPU
		{64776782-D1C9-4168-AB79-C3C9AFF3A429}.Release|iPhone.Build.0 = Release|Any CPU
		{64776782-D1C9-4168-AB79-C3C9AFF3A429}.Release|iPhoneSimulator.ActiveCfg = Release|Any CPU
		{64776782-D1C9-4168-AB79-C3C9AFF3A429}.Release|iPhoneSimulator.Build.0 = Release|Any CPU
		{64776782-D1C9-4168-AB79-C3C9AFF3A429}.Release|x64.ActiveCfg = Release|Any CPU
		{64776782-D1C9-4168-AB79-C3C9AFF3A429}.Release|x64.Build.0 = Release|Any CPU
		{64776782-D1C9-4168-AB79-C3C9AFF3A429}.Release|x86.ActiveCfg = Release|Any CPU
		{64776782-D1C9-4168-AB79-C3C9AFF3A429}.Release|x86.Build.0 = Release|Any CPU
		{F96E88CB-3073-4483-9633-35A8D5AF0B04}.Ad-Hoc|Any CPU.ActiveCfg = Release|Any CPU
		{F96E88CB-3073-4483-9633-35A8D5AF0B04}.Ad-Hoc|Any CPU.Build.0 = Release|Any CPU
		{F96E88CB-3073-4483-9633-35A8D5AF0B04}.Ad-Hoc|Any CPU.Deploy.0 = Release|Any CPU
		{F96E88CB-3073-4483-9633-35A8D5AF0B04}.Ad-Hoc|ARM.ActiveCfg = Release|Any CPU
		{F96E88CB-3073-4483-9633-35A8D5AF0B04}.Ad-Hoc|ARM.Build.0 = Release|Any CPU
		{F96E88CB-3073-4483-9633-35A8D5AF0B04}.Ad-Hoc|ARM.Deploy.0 = Release|Any CPU
		{F96E88CB-3073-4483-9633-35A8D5AF0B04}.Ad-Hoc|iPhone.ActiveCfg = Release|Any CPU
		{F96E88CB-3073-4483-9633-35A8D5AF0B04}.Ad-Hoc|iPhone.Build.0 = Release|Any CPU
		{F96E88CB-3073-4483-9633-35A8D5AF0B04}.Ad-Hoc|iPhone.Deploy.0 = Release|Any CPU
		{F96E88CB-3073-4483-9633-35A8D5AF0B04}.Ad-Hoc|iPhoneSimulator.ActiveCfg = Release|Any CPU
		{F96E88CB-3073-4483-9633-35A8D5AF0B04}.Ad-Hoc|iPhoneSimulator.Build.0 = Release|Any CPU
		{F96E88CB-3073-4483-9633-35A8D5AF0B04}.Ad-Hoc|iPhoneSimulator.Deploy.0 = Release|Any CPU
		{F96E88CB-3073-4483-9633-35A8D5AF0B04}.Ad-Hoc|x64.ActiveCfg = Release|Any CPU
		{F96E88CB-3073-4483-9633-35A8D5AF0B04}.Ad-Hoc|x64.Build.0 = Release|Any CPU
		{F96E88CB-3073-4483-9633-35A8D5AF0B04}.Ad-Hoc|x64.Deploy.0 = Release|Any CPU
		{F96E88CB-3073-4483-9633-35A8D5AF0B04}.Ad-Hoc|x86.ActiveCfg = Release|Any CPU
		{F96E88CB-3073-4483-9633-35A8D5AF0B04}.Ad-Hoc|x86.Build.0 = Release|Any CPU
		{F96E88CB-3073-4483-9633-35A8D5AF0B04}.Ad-Hoc|x86.Deploy.0 = Release|Any CPU
		{F96E88CB-3073-4483-9633-35A8D5AF0B04}.AppStore|Any CPU.ActiveCfg = Release|Any CPU
		{F96E88CB-3073-4483-9633-35A8D5AF0B04}.AppStore|Any CPU.Build.0 = Release|Any CPU
		{F96E88CB-3073-4483-9633-35A8D5AF0B04}.AppStore|Any CPU.Deploy.0 = Release|Any CPU
		{F96E88CB-3073-4483-9633-35A8D5AF0B04}.AppStore|ARM.ActiveCfg = Release|Any CPU
		{F96E88CB-3073-4483-9633-35A8D5AF0B04}.AppStore|ARM.Build.0 = Release|Any CPU
		{F96E88CB-3073-4483-9633-35A8D5AF0B04}.AppStore|ARM.Deploy.0 = Release|Any CPU
		{F96E88CB-3073-4483-9633-35A8D5AF0B04}.AppStore|iPhone.ActiveCfg = Release|Any CPU
		{F96E88CB-3073-4483-9633-35A8D5AF0B04}.AppStore|iPhone.Build.0 = Release|Any CPU
		{F96E88CB-3073-4483-9633-35A8D5AF0B04}.AppStore|iPhone.Deploy.0 = Release|Any CPU
		{F96E88CB-3073-4483-9633-35A8D5AF0B04}.AppStore|iPhoneSimulator.ActiveCfg = Release|Any CPU
		{F96E88CB-3073-4483-9633-35A8D5AF0B04}.AppStore|iPhoneSimulator.Build.0 = Release|Any CPU
		{F96E88CB-3073-4483-9633-35A8D5AF0B04}.AppStore|iPhoneSimulator.Deploy.0 = Release|Any CPU
		{F96E88CB-3073-4483-9633-35A8D5AF0B04}.AppStore|x64.ActiveCfg = Release|Any CPU
		{F96E88CB-3073-4483-9633-35A8D5AF0B04}.AppStore|x64.Build.0 = Release|Any CPU
		{F96E88CB-3073-4483-9633-35A8D5AF0B04}.AppStore|x64.Deploy.0 = Release|Any CPU
		{F96E88CB-3073-4483-9633-35A8D5AF0B04}.AppStore|x86.ActiveCfg = Release|Any CPU
		{F96E88CB-3073-4483-9633-35A8D5AF0B04}.AppStore|x86.Build.0 = Release|Any CPU
		{F96E88CB-3073-4483-9633-35A8D5AF0B04}.AppStore|x86.Deploy.0 = Release|Any CPU
		{F96E88CB-3073-4483-9633-35A8D5AF0B04}.Debug|Any CPU.ActiveCfg = Debug|Any CPU
		{F96E88CB-3073-4483-9633-35A8D5AF0B04}.Debug|Any CPU.Build.0 = Debug|Any CPU
		{F96E88CB-3073-4483-9633-35A8D5AF0B04}.Debug|Any CPU.Deploy.0 = Debug|Any CPU
		{F96E88CB-3073-4483-9633-35A8D5AF0B04}.Debug|ARM.ActiveCfg = Debug|Any CPU
		{F96E88CB-3073-4483-9633-35A8D5AF0B04}.Debug|ARM.Build.0 = Debug|Any CPU
		{F96E88CB-3073-4483-9633-35A8D5AF0B04}.Debug|ARM.Deploy.0 = Debug|Any CPU
		{F96E88CB-3073-4483-9633-35A8D5AF0B04}.Debug|iPhone.ActiveCfg = Debug|Any CPU
		{F96E88CB-3073-4483-9633-35A8D5AF0B04}.Debug|iPhone.Build.0 = Debug|Any CPU
		{F96E88CB-3073-4483-9633-35A8D5AF0B04}.Debug|iPhone.Deploy.0 = Debug|Any CPU
		{F96E88CB-3073-4483-9633-35A8D5AF0B04}.Debug|iPhoneSimulator.ActiveCfg = Debug|Any CPU
		{F96E88CB-3073-4483-9633-35A8D5AF0B04}.Debug|iPhoneSimulator.Build.0 = Debug|Any CPU
		{F96E88CB-3073-4483-9633-35A8D5AF0B04}.Debug|iPhoneSimulator.Deploy.0 = Debug|Any CPU
		{F96E88CB-3073-4483-9633-35A8D5AF0B04}.Debug|x64.ActiveCfg = Debug|Any CPU
		{F96E88CB-3073-4483-9633-35A8D5AF0B04}.Debug|x64.Build.0 = Debug|Any CPU
		{F96E88CB-3073-4483-9633-35A8D5AF0B04}.Debug|x64.Deploy.0 = Debug|Any CPU
		{F96E88CB-3073-4483-9633-35A8D5AF0B04}.Debug|x86.ActiveCfg = Debug|Any CPU
		{F96E88CB-3073-4483-9633-35A8D5AF0B04}.Debug|x86.Build.0 = Debug|Any CPU
		{F96E88CB-3073-4483-9633-35A8D5AF0B04}.Debug|x86.Deploy.0 = Debug|Any CPU
		{F96E88CB-3073-4483-9633-35A8D5AF0B04}.Release|Any CPU.ActiveCfg = Release|Any CPU
		{F96E88CB-3073-4483-9633-35A8D5AF0B04}.Release|Any CPU.Build.0 = Release|Any CPU
		{F96E88CB-3073-4483-9633-35A8D5AF0B04}.Release|Any CPU.Deploy.0 = Release|Any CPU
		{F96E88CB-3073-4483-9633-35A8D5AF0B04}.Release|ARM.ActiveCfg = Release|Any CPU
		{F96E88CB-3073-4483-9633-35A8D5AF0B04}.Release|ARM.Build.0 = Release|Any CPU
		{F96E88CB-3073-4483-9633-35A8D5AF0B04}.Release|ARM.Deploy.0 = Release|Any CPU
		{F96E88CB-3073-4483-9633-35A8D5AF0B04}.Release|iPhone.ActiveCfg = Release|Any CPU
		{F96E88CB-3073-4483-9633-35A8D5AF0B04}.Release|iPhone.Build.0 = Release|Any CPU
		{F96E88CB-3073-4483-9633-35A8D5AF0B04}.Release|iPhone.Deploy.0 = Release|Any CPU
		{F96E88CB-3073-4483-9633-35A8D5AF0B04}.Release|iPhoneSimulator.ActiveCfg = Release|Any CPU
		{F96E88CB-3073-4483-9633-35A8D5AF0B04}.Release|iPhoneSimulator.Build.0 = Release|Any CPU
		{F96E88CB-3073-4483-9633-35A8D5AF0B04}.Release|iPhoneSimulator.Deploy.0 = Release|Any CPU
		{F96E88CB-3073-4483-9633-35A8D5AF0B04}.Release|x64.ActiveCfg = Release|Any CPU
		{F96E88CB-3073-4483-9633-35A8D5AF0B04}.Release|x64.Build.0 = Release|Any CPU
		{F96E88CB-3073-4483-9633-35A8D5AF0B04}.Release|x64.Deploy.0 = Release|Any CPU
		{F96E88CB-3073-4483-9633-35A8D5AF0B04}.Release|x86.ActiveCfg = Release|Any CPU
		{F96E88CB-3073-4483-9633-35A8D5AF0B04}.Release|x86.Build.0 = Release|Any CPU
		{F96E88CB-3073-4483-9633-35A8D5AF0B04}.Release|x86.Deploy.0 = Release|Any CPU
		{C77780F2-9C1D-4467-AA23-E9AE1BBFA2C5}.Ad-Hoc|Any CPU.ActiveCfg = Ad-Hoc|iPhone
		{C77780F2-9C1D-4467-AA23-E9AE1BBFA2C5}.Ad-Hoc|ARM.ActiveCfg = Ad-Hoc|iPhone
		{C77780F2-9C1D-4467-AA23-E9AE1BBFA2C5}.Ad-Hoc|iPhone.ActiveCfg = Ad-Hoc|iPhone
		{C77780F2-9C1D-4467-AA23-E9AE1BBFA2C5}.Ad-Hoc|iPhone.Build.0 = Ad-Hoc|iPhone
		{C77780F2-9C1D-4467-AA23-E9AE1BBFA2C5}.Ad-Hoc|iPhoneSimulator.ActiveCfg = Ad-Hoc|iPhoneSimulator
		{C77780F2-9C1D-4467-AA23-E9AE1BBFA2C5}.Ad-Hoc|iPhoneSimulator.Build.0 = Ad-Hoc|iPhoneSimulator
		{C77780F2-9C1D-4467-AA23-E9AE1BBFA2C5}.Ad-Hoc|x64.ActiveCfg = Ad-Hoc|iPhone
		{C77780F2-9C1D-4467-AA23-E9AE1BBFA2C5}.Ad-Hoc|x86.ActiveCfg = Ad-Hoc|iPhone
		{C77780F2-9C1D-4467-AA23-E9AE1BBFA2C5}.AppStore|Any CPU.ActiveCfg = AppStore|iPhone
		{C77780F2-9C1D-4467-AA23-E9AE1BBFA2C5}.AppStore|ARM.ActiveCfg = AppStore|iPhone
		{C77780F2-9C1D-4467-AA23-E9AE1BBFA2C5}.AppStore|iPhone.ActiveCfg = AppStore|iPhone
		{C77780F2-9C1D-4467-AA23-E9AE1BBFA2C5}.AppStore|iPhone.Build.0 = AppStore|iPhone
		{C77780F2-9C1D-4467-AA23-E9AE1BBFA2C5}.AppStore|iPhoneSimulator.ActiveCfg = AppStore|iPhoneSimulator
		{C77780F2-9C1D-4467-AA23-E9AE1BBFA2C5}.AppStore|iPhoneSimulator.Build.0 = AppStore|iPhoneSimulator
		{C77780F2-9C1D-4467-AA23-E9AE1BBFA2C5}.AppStore|x64.ActiveCfg = AppStore|iPhone
		{C77780F2-9C1D-4467-AA23-E9AE1BBFA2C5}.AppStore|x86.ActiveCfg = AppStore|iPhone
		{C77780F2-9C1D-4467-AA23-E9AE1BBFA2C5}.Debug|Any CPU.ActiveCfg = Debug|iPhone
		{C77780F2-9C1D-4467-AA23-E9AE1BBFA2C5}.Debug|ARM.ActiveCfg = Debug|iPhone
		{C77780F2-9C1D-4467-AA23-E9AE1BBFA2C5}.Debug|iPhone.ActiveCfg = Debug|iPhone
		{C77780F2-9C1D-4467-AA23-E9AE1BBFA2C5}.Debug|iPhone.Build.0 = Debug|iPhone
		{C77780F2-9C1D-4467-AA23-E9AE1BBFA2C5}.Debug|iPhoneSimulator.ActiveCfg = Debug|iPhoneSimulator
		{C77780F2-9C1D-4467-AA23-E9AE1BBFA2C5}.Debug|iPhoneSimulator.Build.0 = Debug|iPhoneSimulator
		{C77780F2-9C1D-4467-AA23-E9AE1BBFA2C5}.Debug|x64.ActiveCfg = Debug|iPhone
		{C77780F2-9C1D-4467-AA23-E9AE1BBFA2C5}.Debug|x86.ActiveCfg = Debug|iPhone
		{C77780F2-9C1D-4467-AA23-E9AE1BBFA2C5}.Release|Any CPU.ActiveCfg = Release|iPhone
		{C77780F2-9C1D-4467-AA23-E9AE1BBFA2C5}.Release|ARM.ActiveCfg = Release|iPhone
		{C77780F2-9C1D-4467-AA23-E9AE1BBFA2C5}.Release|iPhone.ActiveCfg = Release|iPhone
		{C77780F2-9C1D-4467-AA23-E9AE1BBFA2C5}.Release|iPhone.Build.0 = Release|iPhone
		{C77780F2-9C1D-4467-AA23-E9AE1BBFA2C5}.Release|iPhoneSimulator.ActiveCfg = Release|iPhoneSimulator
		{C77780F2-9C1D-4467-AA23-E9AE1BBFA2C5}.Release|iPhoneSimulator.Build.0 = Release|iPhoneSimulator
		{C77780F2-9C1D-4467-AA23-E9AE1BBFA2C5}.Release|x64.ActiveCfg = Release|iPhone
		{C77780F2-9C1D-4467-AA23-E9AE1BBFA2C5}.Release|x86.ActiveCfg = Release|iPhone
		{3A147E49-C9D9-4A6E-8B8A-B20C492DAE57}.Ad-Hoc|Any CPU.ActiveCfg = Release|Any CPU
		{3A147E49-C9D9-4A6E-8B8A-B20C492DAE57}.Ad-Hoc|Any CPU.Build.0 = Release|Any CPU
		{3A147E49-C9D9-4A6E-8B8A-B20C492DAE57}.Ad-Hoc|Any CPU.Deploy.0 = Release|Any CPU
		{3A147E49-C9D9-4A6E-8B8A-B20C492DAE57}.Ad-Hoc|ARM.ActiveCfg = Release|ARM
		{3A147E49-C9D9-4A6E-8B8A-B20C492DAE57}.Ad-Hoc|ARM.Build.0 = Release|ARM
		{3A147E49-C9D9-4A6E-8B8A-B20C492DAE57}.Ad-Hoc|ARM.Deploy.0 = Release|ARM
		{3A147E49-C9D9-4A6E-8B8A-B20C492DAE57}.Ad-Hoc|iPhone.ActiveCfg = Release|Any CPU
		{3A147E49-C9D9-4A6E-8B8A-B20C492DAE57}.Ad-Hoc|iPhone.Build.0 = Release|Any CPU
		{3A147E49-C9D9-4A6E-8B8A-B20C492DAE57}.Ad-Hoc|iPhone.Deploy.0 = Release|Any CPU
		{3A147E49-C9D9-4A6E-8B8A-B20C492DAE57}.Ad-Hoc|iPhoneSimulator.ActiveCfg = Release|Any CPU
		{3A147E49-C9D9-4A6E-8B8A-B20C492DAE57}.Ad-Hoc|iPhoneSimulator.Build.0 = Release|Any CPU
		{3A147E49-C9D9-4A6E-8B8A-B20C492DAE57}.Ad-Hoc|iPhoneSimulator.Deploy.0 = Release|Any CPU
		{3A147E49-C9D9-4A6E-8B8A-B20C492DAE57}.Ad-Hoc|x64.ActiveCfg = Release|Any CPU
		{3A147E49-C9D9-4A6E-8B8A-B20C492DAE57}.Ad-Hoc|x64.Build.0 = Release|Any CPU
		{3A147E49-C9D9-4A6E-8B8A-B20C492DAE57}.Ad-Hoc|x64.Deploy.0 = Release|Any CPU
		{3A147E49-C9D9-4A6E-8B8A-B20C492DAE57}.Ad-Hoc|x86.ActiveCfg = Release|x86
		{3A147E49-C9D9-4A6E-8B8A-B20C492DAE57}.Ad-Hoc|x86.Build.0 = Release|x86
		{3A147E49-C9D9-4A6E-8B8A-B20C492DAE57}.Ad-Hoc|x86.Deploy.0 = Release|x86
		{3A147E49-C9D9-4A6E-8B8A-B20C492DAE57}.AppStore|Any CPU.ActiveCfg = Release|Any CPU
		{3A147E49-C9D9-4A6E-8B8A-B20C492DAE57}.AppStore|Any CPU.Build.0 = Release|Any CPU
		{3A147E49-C9D9-4A6E-8B8A-B20C492DAE57}.AppStore|Any CPU.Deploy.0 = Release|Any CPU
		{3A147E49-C9D9-4A6E-8B8A-B20C492DAE57}.AppStore|ARM.ActiveCfg = Release|ARM
		{3A147E49-C9D9-4A6E-8B8A-B20C492DAE57}.AppStore|ARM.Build.0 = Release|ARM
		{3A147E49-C9D9-4A6E-8B8A-B20C492DAE57}.AppStore|ARM.Deploy.0 = Release|ARM
		{3A147E49-C9D9-4A6E-8B8A-B20C492DAE57}.AppStore|iPhone.ActiveCfg = Release|Any CPU
		{3A147E49-C9D9-4A6E-8B8A-B20C492DAE57}.AppStore|iPhone.Build.0 = Release|Any CPU
		{3A147E49-C9D9-4A6E-8B8A-B20C492DAE57}.AppStore|iPhone.Deploy.0 = Release|Any CPU
		{3A147E49-C9D9-4A6E-8B8A-B20C492DAE57}.AppStore|iPhoneSimulator.ActiveCfg = Release|Any CPU
		{3A147E49-C9D9-4A6E-8B8A-B20C492DAE57}.AppStore|iPhoneSimulator.Build.0 = Release|Any CPU
		{3A147E49-C9D9-4A6E-8B8A-B20C492DAE57}.AppStore|iPhoneSimulator.Deploy.0 = Release|Any CPU
		{3A147E49-C9D9-4A6E-8B8A-B20C492DAE57}.AppStore|x64.ActiveCfg = Release|Any CPU
		{3A147E49-C9D9-4A6E-8B8A-B20C492DAE57}.AppStore|x64.Build.0 = Release|Any CPU
		{3A147E49-C9D9-4A6E-8B8A-B20C492DAE57}.AppStore|x64.Deploy.0 = Release|Any CPU
		{3A147E49-C9D9-4A6E-8B8A-B20C492DAE57}.AppStore|x86.ActiveCfg = Release|x86
		{3A147E49-C9D9-4A6E-8B8A-B20C492DAE57}.AppStore|x86.Build.0 = Release|x86
		{3A147E49-C9D9-4A6E-8B8A-B20C492DAE57}.AppStore|x86.Deploy.0 = Release|x86
		{3A147E49-C9D9-4A6E-8B8A-B20C492DAE57}.Debug|Any CPU.ActiveCfg = Debug|Any CPU
		{3A147E49-C9D9-4A6E-8B8A-B20C492DAE57}.Debug|Any CPU.Build.0 = Debug|Any CPU
		{3A147E49-C9D9-4A6E-8B8A-B20C492DAE57}.Debug|Any CPU.Deploy.0 = Debug|Any CPU
		{3A147E49-C9D9-4A6E-8B8A-B20C492DAE57}.Debug|ARM.ActiveCfg = Debug|ARM
		{3A147E49-C9D9-4A6E-8B8A-B20C492DAE57}.Debug|ARM.Build.0 = Debug|ARM
		{3A147E49-C9D9-4A6E-8B8A-B20C492DAE57}.Debug|ARM.Deploy.0 = Debug|ARM
		{3A147E49-C9D9-4A6E-8B8A-B20C492DAE57}.Debug|iPhone.ActiveCfg = Debug|Any CPU
		{3A147E49-C9D9-4A6E-8B8A-B20C492DAE57}.Debug|iPhone.Build.0 = Debug|Any CPU
		{3A147E49-C9D9-4A6E-8B8A-B20C492DAE57}.Debug|iPhone.Deploy.0 = Debug|Any CPU
		{3A147E49-C9D9-4A6E-8B8A-B20C492DAE57}.Debug|iPhoneSimulator.ActiveCfg = Debug|Any CPU
		{3A147E49-C9D9-4A6E-8B8A-B20C492DAE57}.Debug|iPhoneSimulator.Build.0 = Debug|Any CPU
		{3A147E49-C9D9-4A6E-8B8A-B20C492DAE57}.Debug|iPhoneSimulator.Deploy.0 = Debug|Any CPU
		{3A147E49-C9D9-4A6E-8B8A-B20C492DAE57}.Debug|x64.ActiveCfg = Debug|Any CPU
		{3A147E49-C9D9-4A6E-8B8A-B20C492DAE57}.Debug|x64.Build.0 = Debug|Any CPU
		{3A147E49-C9D9-4A6E-8B8A-B20C492DAE57}.Debug|x64.Deploy.0 = Debug|Any CPU
		{3A147E49-C9D9-4A6E-8B8A-B20C492DAE57}.Debug|x86.ActiveCfg = Debug|x86
		{3A147E49-C9D9-4A6E-8B8A-B20C492DAE57}.Debug|x86.Build.0 = Debug|x86
		{3A147E49-C9D9-4A6E-8B8A-B20C492DAE57}.Debug|x86.Deploy.0 = Debug|x86
		{3A147E49-C9D9-4A6E-8B8A-B20C492DAE57}.Release|Any CPU.ActiveCfg = Release|Any CPU
		{3A147E49-C9D9-4A6E-8B8A-B20C492DAE57}.Release|Any CPU.Build.0 = Release|Any CPU
		{3A147E49-C9D9-4A6E-8B8A-B20C492DAE57}.Release|Any CPU.Deploy.0 = Release|Any CPU
		{3A147E49-C9D9-4A6E-8B8A-B20C492DAE57}.Release|ARM.ActiveCfg = Release|ARM
		{3A147E49-C9D9-4A6E-8B8A-B20C492DAE57}.Release|ARM.Build.0 = Release|ARM
		{3A147E49-C9D9-4A6E-8B8A-B20C492DAE57}.Release|ARM.Deploy.0 = Release|ARM
		{3A147E49-C9D9-4A6E-8B8A-B20C492DAE57}.Release|iPhone.ActiveCfg = Release|Any CPU
		{3A147E49-C9D9-4A6E-8B8A-B20C492DAE57}.Release|iPhone.Build.0 = Release|Any CPU
		{3A147E49-C9D9-4A6E-8B8A-B20C492DAE57}.Release|iPhone.Deploy.0 = Release|Any CPU
		{3A147E49-C9D9-4A6E-8B8A-B20C492DAE57}.Release|iPhoneSimulator.ActiveCfg = Release|Any CPU
		{3A147E49-C9D9-4A6E-8B8A-B20C492DAE57}.Release|iPhoneSimulator.Build.0 = Release|Any CPU
		{3A147E49-C9D9-4A6E-8B8A-B20C492DAE57}.Release|iPhoneSimulator.Deploy.0 = Release|Any CPU
		{3A147E49-C9D9-4A6E-8B8A-B20C492DAE57}.Release|x64.ActiveCfg = Release|Any CPU
		{3A147E49-C9D9-4A6E-8B8A-B20C492DAE57}.Release|x64.Build.0 = Release|Any CPU
		{3A147E49-C9D9-4A6E-8B8A-B20C492DAE57}.Release|x64.Deploy.0 = Release|Any CPU
		{3A147E49-C9D9-4A6E-8B8A-B20C492DAE57}.Release|x86.ActiveCfg = Release|x86
		{3A147E49-C9D9-4A6E-8B8A-B20C492DAE57}.Release|x86.Build.0 = Release|x86
		{3A147E49-C9D9-4A6E-8B8A-B20C492DAE57}.Release|x86.Deploy.0 = Release|x86
		{5CB6A9EF-EC62-449E-9AEE-719843237633}.Ad-Hoc|Any CPU.ActiveCfg = Release|x86
		{5CB6A9EF-EC62-449E-9AEE-719843237633}.Ad-Hoc|Any CPU.Build.0 = Release|x86
		{5CB6A9EF-EC62-449E-9AEE-719843237633}.Ad-Hoc|Any CPU.Deploy.0 = Release|x86
		{5CB6A9EF-EC62-449E-9AEE-719843237633}.Ad-Hoc|ARM.ActiveCfg = Release|ARM
		{5CB6A9EF-EC62-449E-9AEE-719843237633}.Ad-Hoc|ARM.Build.0 = Release|ARM
		{5CB6A9EF-EC62-449E-9AEE-719843237633}.Ad-Hoc|ARM.Deploy.0 = Release|ARM
		{5CB6A9EF-EC62-449E-9AEE-719843237633}.Ad-Hoc|iPhone.ActiveCfg = Release|x86
		{5CB6A9EF-EC62-449E-9AEE-719843237633}.Ad-Hoc|iPhone.Build.0 = Release|x86
		{5CB6A9EF-EC62-449E-9AEE-719843237633}.Ad-Hoc|iPhone.Deploy.0 = Release|x86
		{5CB6A9EF-EC62-449E-9AEE-719843237633}.Ad-Hoc|iPhoneSimulator.ActiveCfg = Release|x86
		{5CB6A9EF-EC62-449E-9AEE-719843237633}.Ad-Hoc|iPhoneSimulator.Build.0 = Release|x86
		{5CB6A9EF-EC62-449E-9AEE-719843237633}.Ad-Hoc|iPhoneSimulator.Deploy.0 = Release|x86
		{5CB6A9EF-EC62-449E-9AEE-719843237633}.Ad-Hoc|x64.ActiveCfg = Release|x64
		{5CB6A9EF-EC62-449E-9AEE-719843237633}.Ad-Hoc|x64.Build.0 = Release|x64
		{5CB6A9EF-EC62-449E-9AEE-719843237633}.Ad-Hoc|x64.Deploy.0 = Release|x64
		{5CB6A9EF-EC62-449E-9AEE-719843237633}.Ad-Hoc|x86.ActiveCfg = Release|x86
		{5CB6A9EF-EC62-449E-9AEE-719843237633}.Ad-Hoc|x86.Build.0 = Release|x86
		{5CB6A9EF-EC62-449E-9AEE-719843237633}.Ad-Hoc|x86.Deploy.0 = Release|x86
		{5CB6A9EF-EC62-449E-9AEE-719843237633}.AppStore|Any CPU.ActiveCfg = Release|x86
		{5CB6A9EF-EC62-449E-9AEE-719843237633}.AppStore|Any CPU.Build.0 = Release|x86
		{5CB6A9EF-EC62-449E-9AEE-719843237633}.AppStore|Any CPU.Deploy.0 = Release|x86
		{5CB6A9EF-EC62-449E-9AEE-719843237633}.AppStore|ARM.ActiveCfg = Release|ARM
		{5CB6A9EF-EC62-449E-9AEE-719843237633}.AppStore|ARM.Build.0 = Release|ARM
		{5CB6A9EF-EC62-449E-9AEE-719843237633}.AppStore|ARM.Deploy.0 = Release|ARM
		{5CB6A9EF-EC62-449E-9AEE-719843237633}.AppStore|iPhone.ActiveCfg = Release|x86
		{5CB6A9EF-EC62-449E-9AEE-719843237633}.AppStore|iPhone.Build.0 = Release|x86
		{5CB6A9EF-EC62-449E-9AEE-719843237633}.AppStore|iPhone.Deploy.0 = Release|x86
		{5CB6A9EF-EC62-449E-9AEE-719843237633}.AppStore|iPhoneSimulator.ActiveCfg = Release|x86
		{5CB6A9EF-EC62-449E-9AEE-719843237633}.AppStore|iPhoneSimulator.Build.0 = Release|x86
		{5CB6A9EF-EC62-449E-9AEE-719843237633}.AppStore|iPhoneSimulator.Deploy.0 = Release|x86
		{5CB6A9EF-EC62-449E-9AEE-719843237633}.AppStore|x64.ActiveCfg = Release|x64
		{5CB6A9EF-EC62-449E-9AEE-719843237633}.AppStore|x64.Build.0 = Release|x64
		{5CB6A9EF-EC62-449E-9AEE-719843237633}.AppStore|x64.Deploy.0 = Release|x64
		{5CB6A9EF-EC62-449E-9AEE-719843237633}.AppStore|x86.ActiveCfg = Release|x86
		{5CB6A9EF-EC62-449E-9AEE-719843237633}.AppStore|x86.Build.0 = Release|x86
		{5CB6A9EF-EC62-449E-9AEE-719843237633}.AppStore|x86.Deploy.0 = Release|x86
		{5CB6A9EF-EC62-449E-9AEE-719843237633}.Debug|Any CPU.ActiveCfg = Debug|x86
		{5CB6A9EF-EC62-449E-9AEE-719843237633}.Debug|ARM.ActiveCfg = Debug|ARM
		{5CB6A9EF-EC62-449E-9AEE-719843237633}.Debug|ARM.Build.0 = Debug|ARM
		{5CB6A9EF-EC62-449E-9AEE-719843237633}.Debug|ARM.Deploy.0 = Debug|ARM
		{5CB6A9EF-EC62-449E-9AEE-719843237633}.Debug|iPhone.ActiveCfg = Debug|x86
		{5CB6A9EF-EC62-449E-9AEE-719843237633}.Debug|iPhoneSimulator.ActiveCfg = Debug|x86
		{5CB6A9EF-EC62-449E-9AEE-719843237633}.Debug|x64.ActiveCfg = Debug|x64
		{5CB6A9EF-EC62-449E-9AEE-719843237633}.Debug|x64.Build.0 = Debug|x64
		{5CB6A9EF-EC62-449E-9AEE-719843237633}.Debug|x64.Deploy.0 = Debug|x64
		{5CB6A9EF-EC62-449E-9AEE-719843237633}.Debug|x86.ActiveCfg = Debug|x86
		{5CB6A9EF-EC62-449E-9AEE-719843237633}.Debug|x86.Build.0 = Debug|x86
		{5CB6A9EF-EC62-449E-9AEE-719843237633}.Debug|x86.Deploy.0 = Debug|x86
		{5CB6A9EF-EC62-449E-9AEE-719843237633}.Release|Any CPU.ActiveCfg = Release|x86
		{5CB6A9EF-EC62-449E-9AEE-719843237633}.Release|ARM.ActiveCfg = Release|ARM
		{5CB6A9EF-EC62-449E-9AEE-719843237633}.Release|ARM.Build.0 = Release|ARM
		{5CB6A9EF-EC62-449E-9AEE-719843237633}.Release|ARM.Deploy.0 = Release|ARM
		{5CB6A9EF-EC62-449E-9AEE-719843237633}.Release|iPhone.ActiveCfg = Release|x86
		{5CB6A9EF-EC62-449E-9AEE-719843237633}.Release|iPhoneSimulator.ActiveCfg = Release|x86
		{5CB6A9EF-EC62-449E-9AEE-719843237633}.Release|x64.ActiveCfg = Release|x64
		{5CB6A9EF-EC62-449E-9AEE-719843237633}.Release|x64.Build.0 = Release|x64
		{5CB6A9EF-EC62-449E-9AEE-719843237633}.Release|x64.Deploy.0 = Release|x64
		{5CB6A9EF-EC62-449E-9AEE-719843237633}.Release|x86.ActiveCfg = Release|x86
		{5CB6A9EF-EC62-449E-9AEE-719843237633}.Release|x86.Build.0 = Release|x86
		{5CB6A9EF-EC62-449E-9AEE-719843237633}.Release|x86.Deploy.0 = Release|x86
		{FBA27A88-FAEE-4A95-9E01-0003E3664AD2}.Ad-Hoc|Any CPU.ActiveCfg = Release|Any CPU
		{FBA27A88-FAEE-4A95-9E01-0003E3664AD2}.Ad-Hoc|Any CPU.Build.0 = Release|Any CPU
		{FBA27A88-FAEE-4A95-9E01-0003E3664AD2}.Ad-Hoc|Any CPU.Deploy.0 = Release|Any CPU
		{FBA27A88-FAEE-4A95-9E01-0003E3664AD2}.Ad-Hoc|ARM.ActiveCfg = Release|ARM
		{FBA27A88-FAEE-4A95-9E01-0003E3664AD2}.Ad-Hoc|ARM.Build.0 = Release|ARM
		{FBA27A88-FAEE-4A95-9E01-0003E3664AD2}.Ad-Hoc|ARM.Deploy.0 = Release|ARM
		{FBA27A88-FAEE-4A95-9E01-0003E3664AD2}.Ad-Hoc|iPhone.ActiveCfg = Release|Any CPU
		{FBA27A88-FAEE-4A95-9E01-0003E3664AD2}.Ad-Hoc|iPhone.Build.0 = Release|Any CPU
		{FBA27A88-FAEE-4A95-9E01-0003E3664AD2}.Ad-Hoc|iPhone.Deploy.0 = Release|Any CPU
		{FBA27A88-FAEE-4A95-9E01-0003E3664AD2}.Ad-Hoc|iPhoneSimulator.ActiveCfg = Release|Any CPU
		{FBA27A88-FAEE-4A95-9E01-0003E3664AD2}.Ad-Hoc|iPhoneSimulator.Build.0 = Release|Any CPU
		{FBA27A88-FAEE-4A95-9E01-0003E3664AD2}.Ad-Hoc|iPhoneSimulator.Deploy.0 = Release|Any CPU
		{FBA27A88-FAEE-4A95-9E01-0003E3664AD2}.Ad-Hoc|x64.ActiveCfg = Release|x64
		{FBA27A88-FAEE-4A95-9E01-0003E3664AD2}.Ad-Hoc|x64.Build.0 = Release|x64
		{FBA27A88-FAEE-4A95-9E01-0003E3664AD2}.Ad-Hoc|x64.Deploy.0 = Release|x64
		{FBA27A88-FAEE-4A95-9E01-0003E3664AD2}.Ad-Hoc|x86.ActiveCfg = Release|x86
		{FBA27A88-FAEE-4A95-9E01-0003E3664AD2}.Ad-Hoc|x86.Build.0 = Release|x86
		{FBA27A88-FAEE-4A95-9E01-0003E3664AD2}.Ad-Hoc|x86.Deploy.0 = Release|x86
		{FBA27A88-FAEE-4A95-9E01-0003E3664AD2}.AppStore|Any CPU.ActiveCfg = Release|Any CPU
		{FBA27A88-FAEE-4A95-9E01-0003E3664AD2}.AppStore|Any CPU.Build.0 = Release|Any CPU
		{FBA27A88-FAEE-4A95-9E01-0003E3664AD2}.AppStore|Any CPU.Deploy.0 = Release|Any CPU
		{FBA27A88-FAEE-4A95-9E01-0003E3664AD2}.AppStore|ARM.ActiveCfg = Release|ARM
		{FBA27A88-FAEE-4A95-9E01-0003E3664AD2}.AppStore|ARM.Build.0 = Release|ARM
		{FBA27A88-FAEE-4A95-9E01-0003E3664AD2}.AppStore|ARM.Deploy.0 = Release|ARM
		{FBA27A88-FAEE-4A95-9E01-0003E3664AD2}.AppStore|iPhone.ActiveCfg = Release|Any CPU
		{FBA27A88-FAEE-4A95-9E01-0003E3664AD2}.AppStore|iPhone.Build.0 = Release|Any CPU
		{FBA27A88-FAEE-4A95-9E01-0003E3664AD2}.AppStore|iPhone.Deploy.0 = Release|Any CPU
		{FBA27A88-FAEE-4A95-9E01-0003E3664AD2}.AppStore|iPhoneSimulator.ActiveCfg = Release|Any CPU
		{FBA27A88-FAEE-4A95-9E01-0003E3664AD2}.AppStore|iPhoneSimulator.Build.0 = Release|Any CPU
		{FBA27A88-FAEE-4A95-9E01-0003E3664AD2}.AppStore|iPhoneSimulator.Deploy.0 = Release|Any CPU
		{FBA27A88-FAEE-4A95-9E01-0003E3664AD2}.AppStore|x64.ActiveCfg = Release|x64
		{FBA27A88-FAEE-4A95-9E01-0003E3664AD2}.AppStore|x64.Build.0 = Release|x64
		{FBA27A88-FAEE-4A95-9E01-0003E3664AD2}.AppStore|x64.Deploy.0 = Release|x64
		{FBA27A88-FAEE-4A95-9E01-0003E3664AD2}.AppStore|x86.ActiveCfg = Release|x86
		{FBA27A88-FAEE-4A95-9E01-0003E3664AD2}.AppStore|x86.Build.0 = Release|x86
		{FBA27A88-FAEE-4A95-9E01-0003E3664AD2}.AppStore|x86.Deploy.0 = Release|x86
		{FBA27A88-FAEE-4A95-9E01-0003E3664AD2}.Debug|Any CPU.ActiveCfg = Debug|Any CPU
		{FBA27A88-FAEE-4A95-9E01-0003E3664AD2}.Debug|Any CPU.Build.0 = Debug|Any CPU
		{FBA27A88-FAEE-4A95-9E01-0003E3664AD2}.Debug|Any CPU.Deploy.0 = Debug|Any CPU
		{FBA27A88-FAEE-4A95-9E01-0003E3664AD2}.Debug|ARM.ActiveCfg = Debug|ARM
		{FBA27A88-FAEE-4A95-9E01-0003E3664AD2}.Debug|ARM.Build.0 = Debug|ARM
		{FBA27A88-FAEE-4A95-9E01-0003E3664AD2}.Debug|ARM.Deploy.0 = Debug|ARM
		{FBA27A88-FAEE-4A95-9E01-0003E3664AD2}.Debug|iPhone.ActiveCfg = Debug|Any CPU
		{FBA27A88-FAEE-4A95-9E01-0003E3664AD2}.Debug|iPhone.Build.0 = Debug|Any CPU
		{FBA27A88-FAEE-4A95-9E01-0003E3664AD2}.Debug|iPhone.Deploy.0 = Debug|Any CPU
		{FBA27A88-FAEE-4A95-9E01-0003E3664AD2}.Debug|iPhoneSimulator.ActiveCfg = Debug|Any CPU
		{FBA27A88-FAEE-4A95-9E01-0003E3664AD2}.Debug|iPhoneSimulator.Build.0 = Debug|Any CPU
		{FBA27A88-FAEE-4A95-9E01-0003E3664AD2}.Debug|iPhoneSimulator.Deploy.0 = Debug|Any CPU
		{FBA27A88-FAEE-4A95-9E01-0003E3664AD2}.Debug|x64.ActiveCfg = Debug|x64
		{FBA27A88-FAEE-4A95-9E01-0003E3664AD2}.Debug|x64.Build.0 = Debug|x64
		{FBA27A88-FAEE-4A95-9E01-0003E3664AD2}.Debug|x64.Deploy.0 = Debug|x64
		{FBA27A88-FAEE-4A95-9E01-0003E3664AD2}.Debug|x86.ActiveCfg = Debug|x86
		{FBA27A88-FAEE-4A95-9E01-0003E3664AD2}.Debug|x86.Build.0 = Debug|x86
		{FBA27A88-FAEE-4A95-9E01-0003E3664AD2}.Debug|x86.Deploy.0 = Debug|x86
		{FBA27A88-FAEE-4A95-9E01-0003E3664AD2}.Release|Any CPU.ActiveCfg = Release|Any CPU
		{FBA27A88-FAEE-4A95-9E01-0003E3664AD2}.Release|Any CPU.Build.0 = Release|Any CPU
		{FBA27A88-FAEE-4A95-9E01-0003E3664AD2}.Release|Any CPU.Deploy.0 = Release|Any CPU
		{FBA27A88-FAEE-4A95-9E01-0003E3664AD2}.Release|ARM.ActiveCfg = Release|ARM
		{FBA27A88-FAEE-4A95-9E01-0003E3664AD2}.Release|ARM.Build.0 = Release|ARM
		{FBA27A88-FAEE-4A95-9E01-0003E3664AD2}.Release|ARM.Deploy.0 = Release|ARM
		{FBA27A88-FAEE-4A95-9E01-0003E3664AD2}.Release|iPhone.ActiveCfg = Release|Any CPU
		{FBA27A88-FAEE-4A95-9E01-0003E3664AD2}.Release|iPhone.Build.0 = Release|Any CPU
		{FBA27A88-FAEE-4A95-9E01-0003E3664AD2}.Release|iPhone.Deploy.0 = Release|Any CPU
		{FBA27A88-FAEE-4A95-9E01-0003E3664AD2}.Release|iPhoneSimulator.ActiveCfg = Release|Any CPU
		{FBA27A88-FAEE-4A95-9E01-0003E3664AD2}.Release|iPhoneSimulator.Build.0 = Release|Any CPU
		{FBA27A88-FAEE-4A95-9E01-0003E3664AD2}.Release|iPhoneSimulator.Deploy.0 = Release|Any CPU
		{FBA27A88-FAEE-4A95-9E01-0003E3664AD2}.Release|x64.ActiveCfg = Release|x64
		{FBA27A88-FAEE-4A95-9E01-0003E3664AD2}.Release|x64.Build.0 = Release|x64
		{FBA27A88-FAEE-4A95-9E01-0003E3664AD2}.Release|x64.Deploy.0 = Release|x64
		{FBA27A88-FAEE-4A95-9E01-0003E3664AD2}.Release|x86.ActiveCfg = Release|x86
		{FBA27A88-FAEE-4A95-9E01-0003E3664AD2}.Release|x86.Build.0 = Release|x86
		{FBA27A88-FAEE-4A95-9E01-0003E3664AD2}.Release|x86.Deploy.0 = Release|x86
	EndGlobalSection
	GlobalSection(SolutionProperties) = preSolution
		HideSolutionNode = FALSE
	EndGlobalSection
EndGlobal
